
Microsoft Visual Studio Solution File, Format Version 12.00
Project("{2150E333-8FDC-42A3-9474-1A3956D46DE8}") = "src", "src", "{6CF86239-55D8-43FF-8915-E14E63050819}"
EndProject
Project("{FAE04EC0-301F-11D3-BF4B-00C04F79EFBC}") = "Domain", "src\Domain\Domain.csproj", "{3B285CA2-9134-4950-9DA7-7E63C1807E78}"
EndProject
Project("{FAE04EC0-301F-11D3-BF4B-00C04F79EFBC}") = "Application", "src\Application\Application.csproj", "{A66ECE30-DBD0-4EF4-92CD-32B62DF4AF0C}"
EndProject
Global
	GlobalSection(SolutionConfigurationPlatforms) = preSolution
		Debug|Any CPU = Debug|Any CPU
		Release|Any CPU = Release|Any CPU
	EndGlobalSection
	GlobalSection(ProjectConfigurationPlatforms) = postSolution
		{3B285CA2-9134-4950-9DA7-7E63C1807E78}.Debug|Any CPU.ActiveCfg = Debug|Any CPU
		{3B285CA2-9134-4950-9DA7-7E63C1807E78}.Debug|Any CPU.Build.0 = Debug|Any CPU
		{3B285CA2-9134-4950-9DA7-7E63C1807E78}.Release|Any CPU.ActiveCfg = Release|Any CPU
		{3B285CA2-9134-4950-9DA7-7E63C1807E78}.Release|Any CPU.Build.0 = Release|Any CPU
		{A66ECE30-DBD0-4EF4-92CD-32B62DF4AF0C}.Debug|Any CPU.ActiveCfg = Debug|Any CPU
		{A66ECE30-DBD0-4EF4-92CD-32B62DF4AF0C}.Debug|Any CPU.Build.0 = Debug|Any CPU
		{A66ECE30-DBD0-4EF4-92CD-32B62DF4AF0C}.Release|Any CPU.ActiveCfg = Release|Any CPU
		{A66ECE30-DBD0-4EF4-92CD-32B62DF4AF0C}.Release|Any CPU.Build.0 = Release|Any CPU
	EndGlobalSection
	GlobalSection(NestedProjects) = preSolution
		{3B285CA2-9134-4950-9DA7-7E63C1807E78} = {6CF86239-55D8-43FF-8915-E14E63050819}
		{A66ECE30-DBD0-4EF4-92CD-32B62DF4AF0C} = {6CF86239-55D8-43FF-8915-E14E63050819}
	EndGlobalSection
EndGlobal
