
Microsoft Visual Studio Solution File, Format Version 12.00
Project("{2150E333-8FDC-42A3-9474-1A3956D46DE8}") = "src", "src", "{6CF86239-55D8-43FF-8915-E14E63050819}"
EndProject
Project("{FAE04EC0-301F-11D3-BF4B-00C04F79EFBC}") = "Domain", "src\Domain\Domain.csproj", "{3B285CA2-9134-4950-9DA7-7E63C1807E78}"
EndProject
Project("{FAE04EC0-301F-11D3-BF4B-00C04F79EFBC}") = "Application", "src\Application\Application.csproj", "{A66ECE30-DBD0-4EF4-92CD-32B62DF4AF0C}"
EndProject
Project("{FAE04EC0-301F-11D3-BF4B-00C04F79EFBC}") = "Infrastructure", "src\Infrastructure\Infrastructure.csproj", "{3BF8D548-9349-458D-8C5B-50E049B677B3}"
EndProject
Project("{FAE04EC0-301F-11D3-BF4B-00C04F79EFBC}") = "Web", "src\Web\Web.csproj", "{EE529EB2-CDB5-412F-AFA9-920E7F5F8E1F}"
EndProject
Global
	GlobalSection(SolutionConfigurationPlatforms) = preSolution
		Debug|Any CPU = Debug|Any CPU
		Release|Any CPU = Release|Any CPU
	EndGlobalSection
	GlobalSection(ProjectConfigurationPlatforms) = postSolution
		{3B285CA2-9134-4950-9DA7-7E63C1807E78}.Debug|Any CPU.ActiveCfg = Debug|Any CPU
		{3B285CA2-9134-4950-9DA7-7E63C1807E78}.Debug|Any CPU.Build.0 = Debug|Any CPU
		{3B285CA2-9134-4950-9DA7-7E63C1807E78}.Release|Any CPU.ActiveCfg = Release|Any CPU
		{3B285CA2-9134-4950-9DA7-7E63C1807E78}.Release|Any CPU.Build.0 = Release|Any CPU
		{A66ECE30-DBD0-4EF4-92CD-32B62DF4AF0C}.Debug|Any CPU.ActiveCfg = Debug|Any CPU
		{A66ECE30-DBD0-4EF4-92CD-32B62DF4AF0C}.Debug|Any CPU.Build.0 = Debug|Any CPU
		{A66ECE30-DBD0-4EF4-92CD-32B62DF4AF0C}.Release|Any CPU.ActiveCfg = Release|Any CPU
		{A66ECE30-DBD0-4EF4-92CD-32B62DF4AF0C}.Release|Any CPU.Build.0 = Release|Any CPU
		{3BF8D548-9349-458D-8C5B-50E049B677B3}.Debug|Any CPU.ActiveCfg = Debug|Any CPU
		{3BF8D548-9349-458D-8C5B-50E049B677B3}.Debug|Any CPU.Build.0 = Debug|Any CPU
		{3BF8D548-9349-458D-8C5B-50E049B677B3}.Release|Any CPU.ActiveCfg = Release|Any CPU
		{3BF8D548-9349-458D-8C5B-50E049B677B3}.Release|Any CPU.Build.0 = Release|Any CPU
		{EE529EB2-CDB5-412F-AFA9-920E7F5F8E1F}.Debug|Any CPU.ActiveCfg = Debug|Any CPU
		{EE529EB2-CDB5-412F-AFA9-920E7F5F8E1F}.Debug|Any CPU.Build.0 = Debug|Any CPU
		{EE529EB2-CDB5-412F-AFA9-920E7F5F8E1F}.Release|Any CPU.ActiveCfg = Release|Any CPU
		{EE529EB2-CDB5-412F-AFA9-920E7F5F8E1F}.Release|Any CPU.Build.0 = Release|Any CPU
	EndGlobalSection
	GlobalSection(NestedProjects) = preSolution
		{3B285CA2-9134-4950-9DA7-7E63C1807E78} = {6CF86239-55D8-43FF-8915-E14E63050819}
		{A66ECE30-DBD0-4EF4-92CD-32B62DF4AF0C} = {6CF86239-55D8-43FF-8915-E14E63050819}
		{3BF8D548-9349-458D-8C5B-50E049B677B3} = {6CF86239-55D8-43FF-8915-E14E63050819}
		{EE529EB2-CDB5-412F-AFA9-920E7F5F8E1F} = {6CF86239-55D8-43FF-8915-E14E63050819}
	EndGlobalSection
EndGlobal
